
Microsoft Visual Studio Solution File, Format Version 12.00
# Visual Studio 15
VisualStudioVersion = 15.0.28307.168
MinimumVisualStudioVersion = 10.0.40219.1
Project("{FAE04EC0-301F-11D3-BF4B-00C04F79EFBC}") = "Libb", "Libb.csproj", "{0DFFDDC8-40ED-4B99-AF30-22FF58453BC8}"
EndProject
Global
	GlobalSection(SolutionConfigurationPlatforms) = preSolution
		Debug|Any CPU = Debug|Any CPU
		Release|Any CPU = Release|Any CPU
	EndGlobalSection
	GlobalSection(ProjectConfigurationPlatforms) = postSolution
		{0DFFDDC8-40ED-4B99-AF30-22FF58453BC8}.Debug|Any CPU.ActiveCfg = Debug|Any CPU
		{0DFFDDC8-40ED-4B99-AF30-22FF58453BC8}.Debug|Any CPU.Build.0 = Debug|Any CPU
		{0DFFDDC8-40ED-4B99-AF30-22FF58453BC8}.Release|Any CPU.ActiveCfg = Release|Any CPU
		{0DFFDDC8-40ED-4B99-AF30-22FF58453BC8}.Release|Any CPU.Build.0 = Release|Any CPU
	EndGlobalSection
	GlobalSection(SolutionProperties) = preSolution
		HideSolutionNode = FALSE
	EndGlobalSection
	GlobalSection(ExtensibilityGlobals) = postSolution
		SolutionGuid = {48A8F189-2458-4E29-9875-218F7D8D2EB9}
	EndGlobalSection
EndGlobal
